
Microsoft Visual Studio Solution File, Format Version 12.00
# Visual Studio Version 17
VisualStudioVersion = 17.11.35312.102
MinimumVisualStudioVersion = 10.0.40219.1
Project("{FAE04EC0-301F-11D3-BF4B-00C04F79EFBC}") = "ShopDap", "ShopDap\ShopDap.csproj", "{78A31E22-44B7-4F79-8A75-11F2DE60E0AB}"
EndProject
Global
	GlobalSection(SolutionConfigurationPlatforms) = preSolution
		Debug|Any CPU = Debug|Any CPU
		Release|Any CPU = Release|Any CPU
	EndGlobalSection
	GlobalSection(ProjectConfigurationPlatforms) = postSolution
		{78A31E22-44B7-4F79-8A75-11F2DE60E0AB}.Debug|Any CPU.ActiveCfg = Debug|Any CPU
		{78A31E22-44B7-4F79-8A75-11F2DE60E0AB}.Debug|Any CPU.Build.0 = Debug|Any CPU
		{78A31E22-44B7-4F79-8A75-11F2DE60E0AB}.Release|Any CPU.ActiveCfg = Release|Any CPU
		{78A31E22-44B7-4F79-8A75-11F2DE60E0AB}.Release|Any CPU.Build.0 = Release|Any CPU
	EndGlobalSection
	GlobalSection(SolutionProperties) = preSolution
		HideSolutionNode = FALSE
	EndGlobalSection
	GlobalSection(ExtensibilityGlobals) = postSolution
		SolutionGuid = {969CC887-6BE2-4942-AC66-E63FF3663F62}
	EndGlobalSection
EndGlobal
